
Microsoft Visual Studio Solution File, Format Version 12.00
# Visual Studio Version 17
VisualStudioVersion = 17.13.35806.99 d17.13
MinimumVisualStudioVersion = 10.0.40219.1
Project("{FAE04EC0-301F-11D3-BF4B-00C04F79EFBC}") = "Taller2", "Taller2\Taller2.csproj", "{01CFFB08-D125-4315-844F-45AB7408AD3A}"
EndProject
Global
	GlobalSection(SolutionConfigurationPlatforms) = preSolution
		Debug|Any CPU = Debug|Any CPU
		Release|Any CPU = Release|Any CPU
	EndGlobalSection
	GlobalSection(ProjectConfigurationPlatforms) = postSolution
		{01CFFB08-D125-4315-844F-45AB7408AD3A}.Debug|Any CPU.ActiveCfg = Debug|Any CPU
		{01CFFB08-D125-4315-844F-45AB7408AD3A}.Debug|Any CPU.Build.0 = Debug|Any CPU
		{01CFFB08-D125-4315-844F-45AB7408AD3A}.Release|Any CPU.ActiveCfg = Release|Any CPU
		{01CFFB08-D125-4315-844F-45AB7408AD3A}.Release|Any CPU.Build.0 = Release|Any CPU
	EndGlobalSection
	GlobalSection(SolutionProperties) = preSolution
		HideSolutionNode = FALSE
	EndGlobalSection
	GlobalSection(ExtensibilityGlobals) = postSolution
		SolutionGuid = {7C93803D-83F5-4D72-94DD-46FD1D602169}
	EndGlobalSection
EndGlobal
